# THIS IS AN AUTOGENERATED FILE. DO NOT EDIT THIS FILE DIRECTLY.
# yarn lockfile v1


"accepts@~1.3.4":
  "resolved" "https://registry.npmjs.org/accepts/-/accepts-1.3.4.tgz"
  "version" "1.3.4"
  dependencies:
    "mime-types" "~2.1.16"
    "negotiator" "0.6.1"

"ansi-escapes@^3.0.0":
  "resolved" "https://registry.npmjs.org/ansi-escapes/-/ansi-escapes-3.0.0.tgz"
  "version" "3.0.0"

"ansi-regex@^3.0.0":
  "resolved" "https://registry.npmjs.org/ansi-regex/-/ansi-regex-3.0.0.tgz"
  "version" "3.0.0"

"ansi-styles@^3.2.1":
  "resolved" "https://registry.npmjs.org/ansi-styles/-/ansi-styles-3.2.1.tgz"
  "version" "3.2.1"
  dependencies:
    "color-convert" "^1.9.0"

"array-flatten@1.1.1":
  "resolved" "https://registry.npmjs.org/array-flatten/-/array-flatten-1.1.1.tgz"
  "version" "1.1.1"

"axios@^0.18.0":
  "resolved" "https://registry.npmjs.org/axios/-/axios-0.18.0.tgz"
  "version" "0.18.0"
  dependencies:
    "follow-redirects" "^1.3.0"
    "is-buffer" "^1.1.5"

"balanced-match@^1.0.0":
  "resolved" "https://registry.npmjs.org/balanced-match/-/balanced-match-1.0.0.tgz"
  "version" "1.0.0"

"body-parser@1.18.2":
  "resolved" "https://registry.npmjs.org/body-parser/-/body-parser-1.18.2.tgz"
  "version" "1.18.2"
  dependencies:
    "bytes" "3.0.0"
    "content-type" "~1.0.4"
    "debug" "2.6.9"
    "depd" "~1.1.1"
    "http-errors" "~1.6.2"
    "iconv-lite" "0.4.19"
    "on-finished" "~2.3.0"
    "qs" "6.5.1"
    "raw-body" "2.3.2"
    "type-is" "~1.6.15"

"brace-expansion@^1.1.7":
  "resolved" "https://registry.npmjs.org/brace-expansion/-/brace-expansion-1.1.11.tgz"
  "version" "1.1.11"
  dependencies:
    "balanced-match" "^1.0.0"
    "concat-map" "0.0.1"

"browser-stdout@1.3.1":
  "resolved" "https://registry.npmjs.org/browser-stdout/-/browser-stdout-1.3.1.tgz"
  "version" "1.3.1"

"bytes@3.0.0":
  "resolved" "https://registry.npmjs.org/bytes/-/bytes-3.0.0.tgz"
  "version" "3.0.0"

"chalk@^2.0.0":
  "resolved" "https://registry.npmjs.org/chalk/-/chalk-2.3.2.tgz"
  "version" "2.3.2"
  dependencies:
    "ansi-styles" "^3.2.1"
    "escape-string-regexp" "^1.0.5"
    "supports-color" "^5.3.0"

"chardet@^0.4.0":
  "resolved" "https://registry.npmjs.org/chardet/-/chardet-0.4.2.tgz"
  "version" "0.4.2"

"cli-cursor@^2.1.0":
  "resolved" "https://registry.npmjs.org/cli-cursor/-/cli-cursor-2.1.0.tgz"
  "version" "2.1.0"
  dependencies:
    "restore-cursor" "^2.0.0"

"cli-width@^2.0.0":
  "resolved" "https://registry.npmjs.org/cli-width/-/cli-width-2.2.0.tgz"
  "version" "2.2.0"

"color-convert@^1.9.0":
  "resolved" "https://registry.npmjs.org/color-convert/-/color-convert-1.9.1.tgz"
  "version" "1.9.1"
  dependencies:
    "color-name" "^1.1.1"

"color-name@^1.1.1":
  "resolved" "https://registry.npmjs.org/color-name/-/color-name-1.1.3.tgz"
  "version" "1.1.3"

"commander@^2.13.0":
  "resolved" "https://registry.npmjs.org/commander/-/commander-2.15.0.tgz"
  "version" "2.15.0"

"commander@2.11.0":
  "resolved" "https://registry.npmjs.org/commander/-/commander-2.11.0.tgz"
  "version" "2.11.0"

"concat-map@0.0.1":
  "resolved" "https://registry.npmjs.org/concat-map/-/concat-map-0.0.1.tgz"
  "version" "0.0.1"

"content-disposition@0.5.2":
  "resolved" "https://registry.npmjs.org/content-disposition/-/content-disposition-0.5.2.tgz"
  "version" "0.5.2"

"content-type@~1.0.4":
  "resolved" "https://registry.npmjs.org/content-type/-/content-type-1.0.4.tgz"
  "version" "1.0.4"

"cookie-signature@1.0.6":
  "resolved" "https://registry.npmjs.org/cookie-signature/-/cookie-signature-1.0.6.tgz"
  "version" "1.0.6"

"cookie@0.3.1":
  "resolved" "https://registry.npmjs.org/cookie/-/cookie-0.3.1.tgz"
  "version" "0.3.1"

"debug@^3.1.0":
  "resolved" "https://registry.npmjs.org/debug/-/debug-3.1.0.tgz"
  "version" "3.1.0"
  dependencies:
    "ms" "2.0.0"

"debug@2.6.9":
  "resolved" "https://registry.npmjs.org/debug/-/debug-2.6.9.tgz"
  "version" "2.6.9"
  dependencies:
    "ms" "2.0.0"

"debug@3.1.0":
  "resolved" "https://registry.npmjs.org/debug/-/debug-3.1.0.tgz"
  "version" "3.1.0"
  dependencies:
    "ms" "2.0.0"

"depd@~1.1.1", "depd@1.1.1":
  "resolved" "https://registry.npmjs.org/depd/-/depd-1.1.1.tgz"
  "version" "1.1.1"

"destroy@~1.0.4":
  "resolved" "https://registry.npmjs.org/destroy/-/destroy-1.0.4.tgz"
  "version" "1.0.4"

"diff@3.5.0":
  "resolved" "https://registry.npmjs.org/diff/-/diff-3.5.0.tgz"
  "version" "3.5.0"

"ee-first@1.1.1":
  "resolved" "https://registry.npmjs.org/ee-first/-/ee-first-1.1.1.tgz"
  "version" "1.1.1"

"encodeurl@~1.0.1":
  "resolved" "https://registry.npmjs.org/encodeurl/-/encodeurl-1.0.1.tgz"
  "version" "1.0.1"

"escape-html@~1.0.3":
  "resolved" "https://registry.npmjs.org/escape-html/-/escape-html-1.0.3.tgz"
  "version" "1.0.3"

"escape-string-regexp@^1.0.5", "escape-string-regexp@1.0.5":
  "resolved" "https://registry.npmjs.org/escape-string-regexp/-/escape-string-regexp-1.0.5.tgz"
  "version" "1.0.5"

"etag@~1.8.1":
  "resolved" "https://registry.npmjs.org/etag/-/etag-1.8.1.tgz"
  "version" "1.8.1"

"express@4.16.2":
  "resolved" "https://registry.npmjs.org/express/-/express-4.16.2.tgz"
  "version" "4.16.2"
  dependencies:
    "accepts" "~1.3.4"
    "array-flatten" "1.1.1"
    "body-parser" "1.18.2"
    "content-disposition" "0.5.2"
    "content-type" "~1.0.4"
    "cookie" "0.3.1"
    "cookie-signature" "1.0.6"
    "debug" "2.6.9"
    "depd" "~1.1.1"
    "encodeurl" "~1.0.1"
    "escape-html" "~1.0.3"
    "etag" "~1.8.1"
    "finalhandler" "1.1.0"
    "fresh" "0.5.2"
    "merge-descriptors" "1.0.1"
    "methods" "~1.1.2"
    "on-finished" "~2.3.0"
    "parseurl" "~1.3.2"
    "path-to-regexp" "0.1.7"
    "proxy-addr" "~2.0.2"
    "qs" "6.5.1"
    "range-parser" "~1.2.0"
    "safe-buffer" "5.1.1"
    "send" "0.16.1"
    "serve-static" "1.13.1"
    "setprototypeof" "1.1.0"
    "statuses" "~1.3.1"
    "type-is" "~1.6.15"
    "utils-merge" "1.0.1"
    "vary" "~1.1.2"

"external-editor@^2.1.0":
  "resolved" "https://registry.npmjs.org/external-editor/-/external-editor-2.1.0.tgz"
  "version" "2.1.0"
  dependencies:
    "chardet" "^0.4.0"
    "iconv-lite" "^0.4.17"
    "tmp" "^0.0.33"

"figures@^2.0.0":
  "resolved" "https://registry.npmjs.org/figures/-/figures-2.0.0.tgz"
  "version" "2.0.0"
  dependencies:
    "escape-string-regexp" "^1.0.5"

"finalhandler@1.1.0":
  "resolved" "https://registry.npmjs.org/finalhandler/-/finalhandler-1.1.0.tgz"
  "version" "1.1.0"
  dependencies:
    "debug" "2.6.9"
    "encodeurl" "~1.0.1"
    "escape-html" "~1.0.3"
    "on-finished" "~2.3.0"
    "parseurl" "~1.3.2"
    "statuses" "~1.3.1"
    "unpipe" "~1.0.0"

"follow-redirects@^1.3.0":
  "resolved" "https://registry.npmjs.org/follow-redirects/-/follow-redirects-1.4.1.tgz"
  "version" "1.4.1"
  dependencies:
    "debug" "^3.1.0"

"forwarded@~0.1.2":
  "resolved" "https://registry.npmjs.org/forwarded/-/forwarded-0.1.2.tgz"
  "version" "0.1.2"

"fresh@0.5.2":
  "resolved" "https://registry.npmjs.org/fresh/-/fresh-0.5.2.tgz"
  "version" "0.5.2"

"fs.realpath@^1.0.0":
  "resolved" "https://registry.npmjs.org/fs.realpath/-/fs.realpath-1.0.0.tgz"
  "version" "1.0.0"

"glob@7.1.2":
  "resolved" "https://registry.npmjs.org/glob/-/glob-7.1.2.tgz"
  "version" "7.1.2"
  dependencies:
    "fs.realpath" "^1.0.0"
    "inflight" "^1.0.4"
    "inherits" "2"
    "minimatch" "^3.0.4"
    "once" "^1.3.0"
    "path-is-absolute" "^1.0.0"

"growl@1.10.3":
  "resolved" "https://registry.npmjs.org/growl/-/growl-1.10.3.tgz"
  "version" "1.10.3"

"has-flag@^2.0.0":
  "resolved" "https://registry.npmjs.org/has-flag/-/has-flag-2.0.0.tgz"
  "version" "2.0.0"

"has-flag@^3.0.0":
  "resolved" "https://registry.npmjs.org/has-flag/-/has-flag-3.0.0.tgz"
  "version" "3.0.0"

"he@1.1.1":
  "resolved" "https://registry.npmjs.org/he/-/he-1.1.1.tgz"
  "version" "1.1.1"

"http-errors@~1.6.2", "http-errors@1.6.2":
  "resolved" "https://registry.npmjs.org/http-errors/-/http-errors-1.6.2.tgz"
  "version" "1.6.2"
  dependencies:
    "depd" "1.1.1"
    "inherits" "2.0.3"
    "setprototypeof" "1.0.3"
    "statuses" ">= 1.3.1 < 2"

"iconv-lite@^0.4.17", "iconv-lite@0.4.19":
  "resolved" "https://registry.npmjs.org/iconv-lite/-/iconv-lite-0.4.19.tgz"
  "version" "0.4.19"

"inflight@^1.0.4":
  "resolved" "https://registry.npmjs.org/inflight/-/inflight-1.0.6.tgz"
  "version" "1.0.6"
  dependencies:
    "once" "^1.3.0"
    "wrappy" "1"

"inherits@2", "inherits@2.0.3":
  "resolved" "https://registry.npmjs.org/inherits/-/inherits-2.0.3.tgz"
  "version" "2.0.3"

"inquirer@^5.0.1":
  "resolved" "https://registry.npmjs.org/inquirer/-/inquirer-5.1.0.tgz"
  "version" "5.1.0"
  dependencies:
    "ansi-escapes" "^3.0.0"
    "chalk" "^2.0.0"
    "cli-cursor" "^2.1.0"
    "cli-width" "^2.0.0"
    "external-editor" "^2.1.0"
    "figures" "^2.0.0"
    "lodash" "^4.3.0"
    "mute-stream" "0.0.7"
    "run-async" "^2.2.0"
    "rxjs" "^5.5.2"
    "string-width" "^2.1.0"
    "strip-ansi" "^4.0.0"
    "through" "^2.3.6"

"ipaddr.js@1.5.2":
  "resolved" "https://registry.npmjs.org/ipaddr.js/-/ipaddr.js-1.5.2.tgz"
  "version" "1.5.2"

"is-buffer@^1.1.5":
  "resolved" "https://registry.npmjs.org/is-buffer/-/is-buffer-1.1.6.tgz"
  "version" "1.1.6"

"is-fullwidth-code-point@^2.0.0":
  "resolved" "https://registry.npmjs.org/is-fullwidth-code-point/-/is-fullwidth-code-point-2.0.0.tgz"
  "version" "2.0.0"

"is-promise@^2.1.0":
  "resolved" "https://registry.npmjs.org/is-promise/-/is-promise-2.1.0.tgz"
  "version" "2.1.0"

"lodash@^4.3.0":
  "resolved" "https://registry.npmjs.org/lodash/-/lodash-4.17.5.tgz"
  "version" "4.17.5"

"media-typer@0.3.0":
  "resolved" "https://registry.npmjs.org/media-typer/-/media-typer-0.3.0.tgz"
  "version" "0.3.0"

"merge-descriptors@1.0.1":
  "resolved" "https://registry.npmjs.org/merge-descriptors/-/merge-descriptors-1.0.1.tgz"
  "version" "1.0.1"

"methods@~1.1.2":
  "resolved" "https://registry.npmjs.org/methods/-/methods-1.1.2.tgz"
  "version" "1.1.2"

"mime-db@~1.30.0":
  "resolved" "https://registry.npmjs.org/mime-db/-/mime-db-1.30.0.tgz"
  "version" "1.30.0"

"mime-types@~2.1.15", "mime-types@~2.1.16":
  "resolved" "https://registry.npmjs.org/mime-types/-/mime-types-2.1.17.tgz"
  "version" "2.1.17"
  dependencies:
    "mime-db" "~1.30.0"

"mime@1.4.1":
  "resolved" "https://registry.npmjs.org/mime/-/mime-1.4.1.tgz"
  "version" "1.4.1"

"mimic-fn@^1.0.0":
  "resolved" "https://registry.npmjs.org/mimic-fn/-/mimic-fn-1.2.0.tgz"
  "version" "1.2.0"

"minimatch@^3.0.4":
  "resolved" "https://registry.npmjs.org/minimatch/-/minimatch-3.0.4.tgz"
  "version" "3.0.4"
  dependencies:
    "brace-expansion" "^1.1.7"

"minimist@0.0.8":
  "resolved" "https://registry.npmjs.org/minimist/-/minimist-0.0.8.tgz"
  "version" "0.0.8"

"mkdirp@0.5.1":
  "resolved" "https://registry.npmjs.org/mkdirp/-/mkdirp-0.5.1.tgz"
  "version" "0.5.1"
  dependencies:
    "minimist" "0.0.8"

"mocha@^5.0.4":
  "resolved" "https://registry.npmjs.org/mocha/-/mocha-5.0.4.tgz"
  "version" "5.0.4"
  dependencies:
    "browser-stdout" "1.3.1"
    "commander" "2.11.0"
    "debug" "3.1.0"
    "diff" "3.5.0"
    "escape-string-regexp" "1.0.5"
    "glob" "7.1.2"
    "growl" "1.10.3"
    "he" "1.1.1"
    "mkdirp" "0.5.1"
    "supports-color" "4.4.0"

"ms@2.0.0":
  "resolved" "https://registry.npmjs.org/ms/-/ms-2.0.0.tgz"
  "version" "2.0.0"

"mute-stream@0.0.7":
  "resolved" "https://registry.npmjs.org/mute-stream/-/mute-stream-0.0.7.tgz"
  "version" "0.0.7"

"negotiator@0.6.1":
  "resolved" "https://registry.npmjs.org/negotiator/-/negotiator-0.6.1.tgz"
  "version" "0.6.1"

"on-finished@~2.3.0":
  "resolved" "https://registry.npmjs.org/on-finished/-/on-finished-2.3.0.tgz"
  "version" "2.3.0"
  dependencies:
    "ee-first" "1.1.1"

"once@^1.3.0":
  "resolved" "https://registry.npmjs.org/once/-/once-1.4.0.tgz"
  "version" "1.4.0"
  dependencies:
    "wrappy" "1"

"onetime@^2.0.0":
  "resolved" "https://registry.npmjs.org/onetime/-/onetime-2.0.1.tgz"
  "version" "2.0.1"
  dependencies:
    "mimic-fn" "^1.0.0"

"os-tmpdir@~1.0.2":
  "resolved" "https://registry.npmjs.org/os-tmpdir/-/os-tmpdir-1.0.2.tgz"
  "version" "1.0.2"

"parseurl@~1.3.2":
  "resolved" "https://registry.npmjs.org/parseurl/-/parseurl-1.3.2.tgz"
  "version" "1.3.2"

"path-is-absolute@^1.0.0":
  "resolved" "https://registry.npmjs.org/path-is-absolute/-/path-is-absolute-1.0.1.tgz"
  "version" "1.0.1"

"path-to-regexp@0.1.7":
  "resolved" "https://registry.npmjs.org/path-to-regexp/-/path-to-regexp-0.1.7.tgz"
  "version" "0.1.7"

"proxy-addr@~2.0.2":
  "resolved" "https://registry.npmjs.org/proxy-addr/-/proxy-addr-2.0.2.tgz"
  "version" "2.0.2"
  dependencies:
    "forwarded" "~0.1.2"
    "ipaddr.js" "1.5.2"

"qs@6.5.1":
  "resolved" "https://registry.npmjs.org/qs/-/qs-6.5.1.tgz"
  "version" "6.5.1"

"range-parser@~1.2.0":
  "resolved" "https://registry.npmjs.org/range-parser/-/range-parser-1.2.0.tgz"
  "version" "1.2.0"

"raw-body@2.3.2":
  "resolved" "https://registry.npmjs.org/raw-body/-/raw-body-2.3.2.tgz"
  "version" "2.3.2"
  dependencies:
    "bytes" "3.0.0"
    "http-errors" "1.6.2"
    "iconv-lite" "0.4.19"
    "unpipe" "1.0.0"

"restore-cursor@^2.0.0":
  "resolved" "https://registry.npmjs.org/restore-cursor/-/restore-cursor-2.0.0.tgz"
  "version" "2.0.0"
  dependencies:
    "onetime" "^2.0.0"
    "signal-exit" "^3.0.2"

"run-async@^2.2.0":
  "resolved" "https://registry.npmjs.org/run-async/-/run-async-2.3.0.tgz"
  "version" "2.3.0"
  dependencies:
    "is-promise" "^2.1.0"

"rxjs@^5.5.2":
  "resolved" "https://registry.npmjs.org/rxjs/-/rxjs-5.5.6.tgz"
  "version" "5.5.6"
  dependencies:
    "symbol-observable" "1.0.1"

"safe-buffer@5.1.1":
  "resolved" "https://registry.npmjs.org/safe-buffer/-/safe-buffer-5.1.1.tgz"
  "version" "5.1.1"

"send@0.16.1":
  "resolved" "https://registry.npmjs.org/send/-/send-0.16.1.tgz"
  "version" "0.16.1"
  dependencies:
    "debug" "2.6.9"
    "depd" "~1.1.1"
    "destroy" "~1.0.4"
    "encodeurl" "~1.0.1"
    "escape-html" "~1.0.3"
    "etag" "~1.8.1"
    "fresh" "0.5.2"
    "http-errors" "~1.6.2"
    "mime" "1.4.1"
    "ms" "2.0.0"
    "on-finished" "~2.3.0"
    "range-parser" "~1.2.0"
    "statuses" "~1.3.1"

"serve-static@1.13.1":
  "resolved" "https://registry.npmjs.org/serve-static/-/serve-static-1.13.1.tgz"
  "version" "1.13.1"
  dependencies:
    "encodeurl" "~1.0.1"
    "escape-html" "~1.0.3"
    "parseurl" "~1.3.2"
    "send" "0.16.1"

"setprototypeof@1.0.3":
  "resolved" "https://registry.npmjs.org/setprototypeof/-/setprototypeof-1.0.3.tgz"
  "version" "1.0.3"

"setprototypeof@1.1.0":
  "resolved" "https://registry.npmjs.org/setprototypeof/-/setprototypeof-1.1.0.tgz"
  "version" "1.1.0"

"signal-exit@^3.0.2":
  "resolved" "https://registry.npmjs.org/signal-exit/-/signal-exit-3.0.2.tgz"
  "version" "3.0.2"

"statuses@>= 1.3.1 < 2":
  "resolved" "https://registry.npmjs.org/statuses/-/statuses-1.4.0.tgz"
  "version" "1.4.0"

"statuses@~1.3.1":
  "resolved" "https://registry.npmjs.org/statuses/-/statuses-1.3.1.tgz"
  "version" "1.3.1"

"string-width@^2.1.0":
  "resolved" "https://registry.npmjs.org/string-width/-/string-width-2.1.1.tgz"
  "version" "2.1.1"
  dependencies:
    "is-fullwidth-code-point" "^2.0.0"
    "strip-ansi" "^4.0.0"

"strip-ansi@^4.0.0":
  "resolved" "https://registry.npmjs.org/strip-ansi/-/strip-ansi-4.0.0.tgz"
  "version" "4.0.0"
  dependencies:
    "ansi-regex" "^3.0.0"

"supports-color@^5.3.0":
  "resolved" "https://registry.npmjs.org/supports-color/-/supports-color-5.3.0.tgz"
  "version" "5.3.0"
  dependencies:
    "has-flag" "^3.0.0"

"supports-color@4.4.0":
  "resolved" "https://registry.npmjs.org/supports-color/-/supports-color-4.4.0.tgz"
  "version" "4.4.0"
  dependencies:
    "has-flag" "^2.0.0"

"symbol-observable@1.0.1":
  "resolved" "https://registry.npmjs.org/symbol-observable/-/symbol-observable-1.0.1.tgz"
  "version" "1.0.1"

"through@^2.3.6":
  "resolved" "https://registry.npmjs.org/through/-/through-2.3.8.tgz"
  "version" "2.3.8"

"tmp@^0.0.33":
  "resolved" "https://registry.npmjs.org/tmp/-/tmp-0.0.33.tgz"
  "version" "0.0.33"
  dependencies:
    "os-tmpdir" "~1.0.2"

"type-is@~1.6.15":
  "resolved" "https://registry.npmjs.org/type-is/-/type-is-1.6.15.tgz"
  "version" "1.6.15"
  dependencies:
    "media-typer" "0.3.0"
    "mime-types" "~2.1.15"

"unpipe@~1.0.0", "unpipe@1.0.0":
  "resolved" "https://registry.npmjs.org/unpipe/-/unpipe-1.0.0.tgz"
  "version" "1.0.0"

"utils-merge@1.0.1":
  "resolved" "https://registry.npmjs.org/utils-merge/-/utils-merge-1.0.1.tgz"
  "version" "1.0.1"

"vary@~1.1.2":
  "resolved" "https://registry.npmjs.org/vary/-/vary-1.1.2.tgz"
  "version" "1.1.2"

"wrappy@1":
  "resolved" "https://registry.npmjs.org/wrappy/-/wrappy-1.0.2.tgz"
  "version" "1.0.2"
